
Microsoft Visual Studio Solution File, Format Version 12.00
# Visual Studio Version 17
VisualStudioVersion = 17.13.35931.197 d17.13
MinimumVisualStudioVersion = 10.0.40219.1
Project("{FAE04EC0-301F-11D3-BF4B-00C04F79EFBC}") = "EmployeeManagement.Web", "EmployeeManagement.Web\EmployeeManagement.Web.csproj", "{47DD0CB9-29C5-44AA-991F-71F649D2C43D}"
EndProject
Global
	GlobalSection(SolutionConfigurationPlatforms) = preSolution
		Debug|Any CPU = Debug|Any CPU
		Release|Any CPU = Release|Any CPU
	EndGlobalSection
	GlobalSection(ProjectConfigurationPlatforms) = postSolution
		{47DD0CB9-29C5-44AA-991F-71F649D2C43D}.Debug|Any CPU.ActiveCfg = Debug|Any CPU
		{47DD0CB9-29C5-44AA-991F-71F649D2C43D}.Debug|Any CPU.Build.0 = Debug|Any CPU
		{47DD0CB9-29C5-44AA-991F-71F649D2C43D}.Release|Any CPU.ActiveCfg = Release|Any CPU
		{47DD0CB9-29C5-44AA-991F-71F649D2C43D}.Release|Any CPU.Build.0 = Release|Any CPU
	EndGlobalSection
	GlobalSection(SolutionProperties) = preSolution
		HideSolutionNode = FALSE
	EndGlobalSection
	GlobalSection(ExtensibilityGlobals) = postSolution
		SolutionGuid = {43918DE6-F933-4D28-A339-E140091499EC}
	EndGlobalSection
EndGlobal
